
Microsoft Visual Studio Solution File, Format Version 12.00
# Visual Studio 15
Project("{FAE04EC0-301F-11D3-BF4B-00C04F79EFBC}") = "Assembly-CSharp", "Assembly-CSharp.csproj", "{88E247D3-8091-8A9D-EDDF-0F7B25D7CDC7}"
EndProject
Project("{FAE04EC0-301F-11D3-BF4B-00C04F79EFBC}") = "AssetUsageDetector.Editor", "AssetUsageDetector.Editor.csproj", "{5FE9B1F7-CAF8-3F36-3572-140E49367A77}"
EndProject
Project("{FAE04EC0-301F-11D3-BF4B-00C04F79EFBC}") = "Unity.XR.Interaction.Toolkit.Samples.DeviceSimulator", "Unity.XR.Interaction.Toolkit.Samples.DeviceSimulator.csproj", "{8C0B85B4-C4BC-1EA8-33DD-2B6944E38E61}"
EndProject
Project("{FAE04EC0-301F-11D3-BF4B-00C04F79EFBC}") = "Assembly-CSharp-Editor", "Assembly-CSharp-Editor.csproj", "{CE10D0D0-4776-42EF-BDFD-3C62923A6150}"
EndProject
Project("{FAE04EC0-301F-11D3-BF4B-00C04F79EFBC}") = "Unity.XR.Interaction.Toolkit.Samples.StarterAssets.Editor", "Unity.XR.Interaction.Toolkit.Samples.StarterAssets.Editor.csproj", "{C29DF4B8-1C39-4837-C7DC-668C4E874C95}"
EndProject
Project("{FAE04EC0-301F-11D3-BF4B-00C04F79EFBC}") = "Unity.XR.Interaction.Toolkit.Samples.StarterAssets", "Unity.XR.Interaction.Toolkit.Samples.StarterAssets.csproj", "{BDCA6635-7BD3-9D93-2527-088F15B5802D}"
EndProject
Global
	GlobalSection(SolutionConfigurationPlatforms) = preSolution
		Debug|Any CPU = Debug|Any CPU
		Release|Any CPU = Release|Any CPU
	EndGlobalSection
	GlobalSection(ProjectConfigurationPlatforms) = postSolution
		{88E247D3-8091-8A9D-EDDF-0F7B25D7CDC7}.Debug|Any CPU.ActiveCfg = Debug|Any CPU
		{88E247D3-8091-8A9D-EDDF-0F7B25D7CDC7}.Debug|Any CPU.Build.0 = Debug|Any CPU
		{88E247D3-8091-8A9D-EDDF-0F7B25D7CDC7}.Release|Any CPU.ActiveCfg = Release|Any CPU
		{88E247D3-8091-8A9D-EDDF-0F7B25D7CDC7}.Release|Any CPU.Build.0 = Release|Any CPU
		{5FE9B1F7-CAF8-3F36-3572-140E49367A77}.Debug|Any CPU.ActiveCfg = Debug|Any CPU
		{5FE9B1F7-CAF8-3F36-3572-140E49367A77}.Debug|Any CPU.Build.0 = Debug|Any CPU
		{5FE9B1F7-CAF8-3F36-3572-140E49367A77}.Release|Any CPU.ActiveCfg = Release|Any CPU
		{5FE9B1F7-CAF8-3F36-3572-140E49367A77}.Release|Any CPU.Build.0 = Release|Any CPU
		{8C0B85B4-C4BC-1EA8-33DD-2B6944E38E61}.Debug|Any CPU.ActiveCfg = Debug|Any CPU
		{8C0B85B4-C4BC-1EA8-33DD-2B6944E38E61}.Debug|Any CPU.Build.0 = Debug|Any CPU
		{8C0B85B4-C4BC-1EA8-33DD-2B6944E38E61}.Release|Any CPU.ActiveCfg = Release|Any CPU
		{8C0B85B4-C4BC-1EA8-33DD-2B6944E38E61}.Release|Any CPU.Build.0 = Release|Any CPU
		{CE10D0D0-4776-42EF-BDFD-3C62923A6150}.Debug|Any CPU.ActiveCfg = Debug|Any CPU
		{CE10D0D0-4776-42EF-BDFD-3C62923A6150}.Debug|Any CPU.Build.0 = Debug|Any CPU
		{CE10D0D0-4776-42EF-BDFD-3C62923A6150}.Release|Any CPU.ActiveCfg = Release|Any CPU
		{CE10D0D0-4776-42EF-BDFD-3C62923A6150}.Release|Any CPU.Build.0 = Release|Any CPU
		{C29DF4B8-1C39-4837-C7DC-668C4E874C95}.Debug|Any CPU.ActiveCfg = Debug|Any CPU
		{C29DF4B8-1C39-4837-C7DC-668C4E874C95}.Debug|Any CPU.Build.0 = Debug|Any CPU
		{C29DF4B8-1C39-4837-C7DC-668C4E874C95}.Release|Any CPU.ActiveCfg = Release|Any CPU
		{C29DF4B8-1C39-4837-C7DC-668C4E874C95}.Release|Any CPU.Build.0 = Release|Any CPU
		{BDCA6635-7BD3-9D93-2527-088F15B5802D}.Debug|Any CPU.ActiveCfg = Debug|Any CPU
		{BDCA6635-7BD3-9D93-2527-088F15B5802D}.Debug|Any CPU.Build.0 = Debug|Any CPU
		{BDCA6635-7BD3-9D93-2527-088F15B5802D}.Release|Any CPU.ActiveCfg = Release|Any CPU
		{BDCA6635-7BD3-9D93-2527-088F15B5802D}.Release|Any CPU.Build.0 = Release|Any CPU
	EndGlobalSection
	GlobalSection(SolutionProperties) = preSolution
		HideSolutionNode = FALSE
	EndGlobalSection
EndGlobal
